
Microsoft Visual Studio Solution File, Format Version 12.00
# Visual Studio Version 17
VisualStudioVersion = 17.10.35122.118
MinimumVisualStudioVersion = 10.0.40219.1
Project("{FAE04EC0-301F-11D3-BF4B-00C04F79EFBC}") = "Exercise", "Exercise\Exercise.csproj", "{6661EF7D-D3C4-46C6-AAB8-E0C0F90F95DF}"
EndProject
Global
	GlobalSection(SolutionConfigurationPlatforms) = preSolution
		Debug|Any CPU = Debug|Any CPU
		Release|Any CPU = Release|Any CPU
	EndGlobalSection
	GlobalSection(ProjectConfigurationPlatforms) = postSolution
		{6661EF7D-D3C4-46C6-AAB8-E0C0F90F95DF}.Debug|Any CPU.ActiveCfg = Debug|Any CPU
		{6661EF7D-D3C4-46C6-AAB8-E0C0F90F95DF}.Debug|Any CPU.Build.0 = Debug|Any CPU
		{6661EF7D-D3C4-46C6-AAB8-E0C0F90F95DF}.Release|Any CPU.ActiveCfg = Release|Any CPU
		{6661EF7D-D3C4-46C6-AAB8-E0C0F90F95DF}.Release|Any CPU.Build.0 = Release|Any CPU
	EndGlobalSection
	GlobalSection(SolutionProperties) = preSolution
		HideSolutionNode = FALSE
	EndGlobalSection
	GlobalSection(ExtensibilityGlobals) = postSolution
		SolutionGuid = {1B9BDAE1-9151-4572-9106-77D72181DE45}
	EndGlobalSection
EndGlobal
